{
  "dependencies": {
    "x-ray": {
      "version": "1.0.3",
      "dependencies": {
        "catch-stdout": {
          "version": "0.0.1"
        },
        "cheerio": {
          "version": "0.17.0",
          "dependencies": {
            "CSSselect": {
              "version": "0.4.1",
              "dependencies": {
                "CSSwhat": {
                  "version": "0.4.7"
                },
                "domutils": {
                  "version": "1.4.3",
                  "dependencies": {
                    "domelementtype": {
                      "version": "1.1.3"
                    }
                  }
                }
              }
            },
            "entities": {
              "version": "1.1.1"
            },
            "htmlparser2": {
              "version": "3.7.3",
              "dependencies": {
                "domhandler": {
                  "version": "2.2.1"
                },
                "domutils": {
                  "version": "1.5.1"
                },
                "domelementtype": {
                  "version": "1.1.3"
                },
                "readable-stream": {
                  "version": "1.1.13",
                  "dependencies": {
                    "core-util-is": {
                      "version": "1.0.1"
                    },
                    "isarray": {
                      "version": "0.0.1"
                    },
                    "string_decoder": {
                      "version": "0.10.31"
                    },
                    "inherits": {
                      "version": "2.0.1"
                    }
                  }
                },
                "entities": {
                  "version": "1.0.0"
                }
              }
            },
            "dom-serializer": {
              "version": "0.0.1",
              "dependencies": {
                "domelementtype": {
                  "version": "1.1.3"
                }
              }
            },
            "lodash": {
              "version": "2.4.1"
            }
          }
        },
        "debug": {
          "version": "2.1.1",
          "dependencies": {
            "ms": {
              "version": "0.6.2"
            }
          }
        },
        "object-assign": {
          "version": "2.0.0"
        },
        "superagent": {
          "version": "0.21.0",
          "dependencies": {
            "qs": {
              "version": "1.2.0"
            },
            "formidable": {
              "version": "1.0.14"
            },
            "mime": {
              "version": "1.2.11"
            },
            "component-emitter": {
              "version": "1.1.2"
            },
            "methods": {
              "version": "1.0.1"
            },
            "cookiejar": {
              "version": "2.0.1"
            },
            "reduce-component": {
              "version": "1.0.1"
            },
            "extend": {
              "version": "1.2.1"
            },
            "form-data": {
              "version": "0.1.3",
              "dependencies": {
                "combined-stream": {
                  "version": "0.0.7",
                  "dependencies": {
                    "delayed-stream": {
                      "version": "0.0.5"
                    }
                  }
                },
                "async": {
                  "version": "0.9.0"
                }
              }
            },
            "readable-stream": {
              "version": "1.0.27-1",
              "dependencies": {
                "core-util-is": {
                  "version": "1.0.1"
                },
                "isarray": {
                  "version": "0.0.1"
                },
                "string_decoder": {
                  "version": "0.10.31"
                },
                "inherits": {
                  "version": "2.0.1"
                }
              }
            }
          }
        },
        "x-ray-select": {
          "version": "1.0.3",
          "dependencies": {
            "cheerio": {
              "version": "0.18.0",
              "dependencies": {
                "CSSselect": {
                  "version": "0.4.1",
                  "dependencies": {
                    "CSSwhat": {
                      "version": "0.4.7"
                    },
                    "domutils": {
                      "version": "1.4.3",
                      "dependencies": {
                        "domelementtype": {
                          "version": "1.1.3"
                        }
                      }
                    }
                  }
                },
                "entities": {
                  "version": "1.1.1"
                },
                "htmlparser2": {
                  "version": "3.8.2",
                  "dependencies": {
                    "domhandler": {
                      "version": "2.3.0"
                    },
                    "domutils": {
                      "version": "1.5.1"
                    },
                    "domelementtype": {
                      "version": "1.1.3"
                    },
                    "readable-stream": {
                      "version": "1.1.13",
                      "dependencies": {
                        "core-util-is": {
                          "version": "1.0.1"
                        },
                        "isarray": {
                          "version": "0.0.1"
                        },
                        "string_decoder": {
                          "version": "0.10.31"
                        },
                        "inherits": {
                          "version": "2.0.1"
                        }
                      }
                    },
                    "entities": {
                      "version": "1.0.0"
                    }
                  }
                },
                "dom-serializer": {
                  "version": "0.0.1",
                  "dependencies": {
                    "domelementtype": {
                      "version": "1.1.3"
                    }
                  }
                },
                "lodash": {
                  "version": "2.4.1"
                }
              }
            },
            "component-type": {
              "version": "1.1.0"
            },
            "format-parser": {
              "version": "0.0.2"
            },
            "parse5": {
              "version": "1.3.2"
            }
          }
        },
        "yieldly": {
          "version": "0.0.1",
          "dependencies": {
            "is-browser": {
              "version": "2.0.1"
            }
          }
        }
      }
    }
  }
}
